
Microsoft Visual Studio Solution File, Format Version 12.00
# Visual Studio Version 17
VisualStudioVersion = 17.1.32210.238
MinimumVisualStudioVersion = 10.0.40219.1
Project("{FAE04EC0-301F-11D3-BF4B-00C04F79EFBC}") = "SelectionStatements", "SelectionStatements\SelectionStatements.csproj", "{4E21E1D2-161B-4A03-91F3-04776EE7B6F7}"
EndProject
Global
	GlobalSection(SolutionConfigurationPlatforms) = preSolution
		Debug|Any CPU = Debug|Any CPU
		Release|Any CPU = Release|Any CPU
	EndGlobalSection
	GlobalSection(ProjectConfigurationPlatforms) = postSolution
		{4E21E1D2-161B-4A03-91F3-04776EE7B6F7}.Debug|Any CPU.ActiveCfg = Debug|Any CPU
		{4E21E1D2-161B-4A03-91F3-04776EE7B6F7}.Debug|Any CPU.Build.0 = Debug|Any CPU
		{4E21E1D2-161B-4A03-91F3-04776EE7B6F7}.Release|Any CPU.ActiveCfg = Release|Any CPU
		{4E21E1D2-161B-4A03-91F3-04776EE7B6F7}.Release|Any CPU.Build.0 = Release|Any CPU
	EndGlobalSection
	GlobalSection(SolutionProperties) = preSolution
		HideSolutionNode = FALSE
	EndGlobalSection
	GlobalSection(ExtensibilityGlobals) = postSolution
		SolutionGuid = {14BDB74B-68B9-4F67-A8BF-AD0CC4E84942}
	EndGlobalSection
EndGlobal
